lockfileVersion: '9.0'

settings:
  autoInstallPeers: true
  excludeLinksFromLockfile: false

importers:

  .:
    devDependencies:
      prettier:
        specifier: 3.9.4
        version: 3.9.4
      typescript:
        specifier: ^5.7.2
        version: 5.9.3

  packages/apps/restate:
    dependencies:
      '@oz-scraper/db':
        specifier: workspace:*
        version: link:../../libs/db
      '@restatedev/restate-sdk':
        specifier: 1.15.1
        version: 1.15.1
      cron-parser:
        specifier: ^5.0.0
        version: 5.6.1
    devDependencies:
      '@types/node':
        specifier: ^24.0.0
        version: 24.13.2
      typescript:
        specifier: ^5.7.2
        version: 5.9.3

  packages/libs/db:
    dependencies:
      '@oz-scraper/types':
        specifier: workspace:*
        version: link:../types
      drizzle-orm:
        specifier: ^0.38.3
        version: 0.38.4(postgres@3.4.9)
      postgres:
        specifier: ^3.4.5
        version: 3.4.9
    devDependencies:
      '@types/node':
        specifier: ^24.0.0
        version: 24.13.2
      typescript:
        specifier: ^5.7.2
        version: 5.9.3

  packages/libs/types:
    dependencies:
      zod:
        specifier: ^3.24.1
        version: 3.25.76
    devDependencies:
      typescript:
        specifier: ^5.7.2
        version: 5.9.3

packages:

  '@restatedev/restate-sdk-core@1.15.1':
    resolution: {integrity: sha512-qILG7EnpQng5pnWK+43wNRueYoPjDksFU4acnO7pKvOZrmjDBZomqmvP3qz2h4prFV1eTNH6YSqcR0FNhRoBIg==}

  '@restatedev/restate-sdk@1.15.1':
    resolution: {integrity: sha512-MYIBoggyx806UjHvIpoXr1wi9ivCrlHesOhxE/pW8bTXrvBBV6tN0EwhQR1126DmpkFw5qaVFMSJ4I2rr2Tlkw==}

  '@types/node@24.13.2':
    resolution: {integrity: sha512-fRa09kZTgu8o71KFcDjUFuc7F+dEbZYZmkI0mg5YBTRs0yMKjYHsq/c0urDKeDb+D5qVgXOdFcuu+DZPKOITwA==}

  cron-parser@5.6.1:
    resolution: {integrity: sha512-QBm4o1PwZiuY7KFbVvW7FLC8bozy7YWzv+Fz6KRS7sQghzcbDZCGxr/Bc5b6TQreAoSwuWVP491dIcK0THCX6A==}
    engines: {node: '>=18'}

  drizzle-orm@0.38.4:
    resolution: {integrity: sha512-s7/5BpLKO+WJRHspvpqTydxFob8i1vo2rEx4pY6TGY7QSMuUfWUuzaY0DIpXCkgHOo37BaFC+SJQb99dDUXT3Q==}
    peerDependencies:
      '@aws-sdk/client-rds-data': '>=3'
      '@cloudflare/workers-types': '>=4'
      '@electric-sql/pglite': '>=0.2.0'
      '@libsql/client': '>=0.10.0'
      '@libsql/client-wasm': '>=0.10.0'
      '@neondatabase/serverless': '>=0.10.0'
      '@op-engineering/op-sqlite': '>=2'
      '@opentelemetry/api': ^1.4.1
      '@planetscale/database': '>=1'
      '@prisma/client': '*'
      '@tidbcloud/serverless': '*'
      '@types/better-sqlite3': '*'
      '@types/pg': '*'
      '@types/react': '>=18'
      '@types/sql.js': '*'
      '@vercel/postgres': '>=0.8.0'
      '@xata.io/client': '*'
      better-sqlite3: '>=7'
      bun-types: '*'
      expo-sqlite: '>=14.0.0'
      knex: '*'
      kysely: '*'
      mysql2: '>=2'
      pg: '>=8'
      postgres: '>=3'
      prisma: '*'
      react: '>=18'
      sql.js: '>=1'
      sqlite3: '>=5'
    peerDependenciesMeta:
      '@aws-sdk/client-rds-data':
        optional: true
      '@cloudflare/workers-types':
        optional: true
      '@electric-sql/pglite':
        optional: true
      '@libsql/client':
        optional: true
      '@libsql/client-wasm':
        optional: true
      '@neondatabase/serverless':
        optional: true
      '@op-engineering/op-sqlite':
        optional: true
      '@opentelemetry/api':
        optional: true
      '@planetscale/database':
        optional: true
      '@prisma/client':
        optional: true
      '@tidbcloud/serverless':
        optional: true
      '@types/better-sqlite3':
        optional: true
      '@types/pg':
        optional: true
      '@types/react':
        optional: true
      '@types/sql.js':
        optional: true
      '@vercel/postgres':
        optional: true
      '@xata.io/client':
        optional: true
      better-sqlite3:
        optional: true
      bun-types:
        optional: true
      expo-sqlite:
        optional: true
      knex:
        optional: true
      kysely:
        optional: true
      mysql2:
        optional: true
      pg:
        optional: true
      postgres:
        optional: true
      prisma:
        optional: true
      react:
        optional: true
      sql.js:
        optional: true
      sqlite3:
        optional: true

  luxon@3.7.2:
    resolution: {integrity: sha512-vtEhXh/gNjI9Yg1u4jX/0YVPMvxzHuGgCm6tC5kZyb08yjGWGnqAjGJvcXbqQR2P3MyMEFnRbpcdFS6PBcLqew==}
    engines: {node: '>=12'}

  postgres@3.4.9:
    resolution: {integrity: sha512-GD3qdB0x1z9xgFI6cdRD6xu2Sp2WCOEoe3mtnyB5Ee0XrrL5Pe+e4CCnJrRMnL1zYtRDZmQQVbvOttLnKDLnaw==}
    engines: {node: '>=12'}

  prettier@3.9.4:
    resolution: {integrity: sha512-yWG/o/4oJfo036EKAfK6ACAoDOfHeRHx4tuxkfBZiauURiaSmYwlpOr5LQqKtIkRD2z1PLteme2WoxEnj4tHTg==}
    engines: {node: '>=14'}
    hasBin: true

  typescript@5.9.3:
    resolution: {integrity: sha512-jl1vZzPDinLr9eUt3J/t7V6FgNEw9QjvBPdysz9KfQDD41fQrC2Y4vKQdiaUpFT4bXlb1RHhLpp8wtm6M5TgSw==}
    engines: {node: '>=14.17'}
    hasBin: true

  undici-types@7.18.2:
    resolution: {integrity: sha512-AsuCzffGHJybSaRrmr5eHr81mwJU3kjw6M+uprWvCXiNeN9SOGwQ3Jn8jb8m3Z6izVgknn1R0FTCEAP2QrLY/w==}

  zod@3.25.76:
    resolution: {integrity: sha512-gzUt/qt81nXsFGKIFcC3YnfEAx5NkunCfnDlvuBSSFS02bcXu4Lmea0AFIUwbLWxWPx3d9p8S5QoaujKcNQxcQ==}

snapshots:

  '@restatedev/restate-sdk-core@1.15.1': {}

  '@restatedev/restate-sdk@1.15.1':
    dependencies:
      '@restatedev/restate-sdk-core': 1.15.1

  '@types/node@24.13.2':
    dependencies:
      undici-types: 7.18.2

  cron-parser@5.6.1:
    dependencies:
      luxon: 3.7.2

  drizzle-orm@0.38.4(postgres@3.4.9):
    optionalDependencies:
      postgres: 3.4.9

  luxon@3.7.2: {}

  postgres@3.4.9: {}

  prettier@3.9.4: {}

  typescript@5.9.3: {}

  undici-types@7.18.2: {}

  zod@3.25.76: {}
